
Microsoft Visual Studio Solution File, Format Version 12.00
# Visual Studio Version 17
VisualStudioVersion = 17.4.33403.182
MinimumVisualStudioVersion = 10.0.40219.1
Project("{FAE04EC0-301F-11D3-BF4B-00C04F79EFBC}") = "mantis-tests", "mantis-tests\mantis-tests.csproj", "{3506658C-E60B-4F1B-BBCC-8E15A5D53A34}"
EndProject
Global
	GlobalSection(SolutionConfigurationPlatforms) = preSolution
		Debug|Any CPU = Debug|Any CPU
		Release|Any CPU = Release|Any CPU
	EndGlobalSection
	GlobalSection(ProjectConfigurationPlatforms) = postSolution
		{3506658C-E60B-4F1B-BBCC-8E15A5D53A34}.Debug|Any CPU.ActiveCfg = Debug|Any CPU
		{3506658C-E60B-4F1B-BBCC-8E15A5D53A34}.Debug|Any CPU.Build.0 = Debug|Any CPU
		{3506658C-E60B-4F1B-BBCC-8E15A5D53A34}.Release|Any CPU.ActiveCfg = Release|Any CPU
		{3506658C-E60B-4F1B-BBCC-8E15A5D53A34}.Release|Any CPU.Build.0 = Release|Any CPU
	EndGlobalSection
	GlobalSection(SolutionProperties) = preSolution
		HideSolutionNode = FALSE
	EndGlobalSection
	GlobalSection(ExtensibilityGlobals) = postSolution
		SolutionGuid = {3765BB47-8A90-421B-BAAC-BEEDA2A48088}
	EndGlobalSection
EndGlobal
